
Microsoft Visual Studio Solution File, Format Version 12.00
# Visual Studio Version 17
VisualStudioVersion = 17.7.34031.279
MinimumVisualStudioVersion = 10.0.40219.1
Project("{FAE04EC0-301F-11D3-BF4B-00C04F79EFBC}") = "BookStore", "BookStore\BookStore.csproj", "{CC79A752-9FE2-429C-81EB-4BBA8F74DD7D}"
EndProject
Global
	GlobalSection(SolutionConfigurationPlatforms) = preSolution
		Debug|Any CPU = Debug|Any CPU
		Release|Any CPU = Release|Any CPU
	EndGlobalSection
	GlobalSection(ProjectConfigurationPlatforms) = postSolution
		{CC79A752-9FE2-429C-81EB-4BBA8F74DD7D}.Debug|Any CPU.ActiveCfg = Debug|Any CPU
		{CC79A752-9FE2-429C-81EB-4BBA8F74DD7D}.Debug|Any CPU.Build.0 = Debug|Any CPU
		{CC79A752-9FE2-429C-81EB-4BBA8F74DD7D}.Release|Any CPU.ActiveCfg = Release|Any CPU
		{CC79A752-9FE2-429C-81EB-4BBA8F74DD7D}.Release|Any CPU.Build.0 = Release|Any CPU
	EndGlobalSection
	GlobalSection(SolutionProperties) = preSolution
		HideSolutionNode = FALSE
	EndGlobalSection
	GlobalSection(ExtensibilityGlobals) = postSolution
		SolutionGuid = {DFA91AF4-3E91-4255-8EAB-6F4D4A1BD47F}
	EndGlobalSection
EndGlobal
